<Solution Description="Visual Studio slnx file generated by Premake" Version="1.4">
  <Configurations>
    <BuildType Name="Debug" />
    <BuildType Name="Final" />
    <BuildType Name="Release" />
    <Platform Name="Win32" />
  </Configurations>
  <Project Path="Libs\LIB-ButeMgr\LIB-ButeMgr.vcxproj" Id="BF94752B-2B4A-EE20-B43E-E8F720F3E424" DefaultStartup="true">
  </Project>
  <Project Path="Libs\LIB-CryptMgr\LIB-CryptMgr.vcxproj" Id="211701AC-0D7A-9050-B6FF-C806A2415CD3">
  </Project>
  <Project Path="Libs\LIB-DIBMgr\LIB-DibMgr.vcxproj" Id="5EA884B7-4A60-C604-B367-9F609F3E61F5">
  </Project>
  <Project Path="Libs\LIB-DShow\LIB-DShow.vcxproj" Id="0E684D2C-7AD2-01A3-C310-B3482FBADFF7">
  </Project>
  <Project Path="Libs\LIB-DTXMgr\LIB-DTXMgr.vcxproj" Id="FF2903B6-EBE1-4403-54E9-1D5F40C0DFF3">
  </Project>
  <Project Path="Libs\LIB-GenRegMgr\LIB-GenRegMgr.vcxproj" Id="67F30069-D3B3-7C9F-9CEE-C51C086EC17B">
  </Project>
  <Project Path="Libs\LIB-GuiMgr\LIB-GuiMgr.vcxproj" Id="F41E61BF-E0D6-A20C-49DE-7B6835B53DFD">
  </Project>
  <Project Path="Libs\LIB-Lith\LIB-Lith.vcxproj" Id="DA12E82F-C6DF-423B-EFF8-30E3DB2478C9">
  </Project>
  <Project Path="Libs\LIB-LTAMgr\LIB-LTAMgr.vcxproj" Id="50D29FC8-3C8A-E115-A591-BA7191687C06">
  </Project>
  <Project Path="Libs\LIB-LTMem\LIB-LTMem.vcxproj" Id="4844DE2C-B4AE-92A3-FDEC-4349699670F8">
  </Project>
  <Project Path="Libs\LIB-MFCStub\LIB-MFCStub.vcxproj" Id="9DD31309-0989-8CFE-927D-86D5FE318302">
  </Project>
  <Project Path="Libs\LIB-RegMgr\LIB-RegMgr.vcxproj" Id="0D3DE7D7-F9F4-2825-62FC-01814ED3C315">
  </Project>
  <Project Path="Libs\LIB-RegMgr32\LIB-RegMgr32.vcxproj" Id="12BBAA6E-FE1D-3A13-A7A3-72C993E50596">
  </Project>
  <Project Path="Libs\LIB-RezMgr\LIB-RezMgr.vcxproj" Id="40A8F1D7-2C60-3325-9567-0C81813ECE15">
  </Project>
  <Project Path="Libs\LIB-StackTracer\LIB-StackTracer.vcxproj" Id="A0453594-0CD1-A258-15E2-254D81ECFE58">
  </Project>
  <Project Path="Libs\LIB-STDLith\LIB-STDLith.vcxproj" Id="E58BA7F7-5141-20ED-DA35-1AC446EA16F1">
  </Project>
  <Project Path="Libs\LIB-ZLib\LIB-ZLib.vcxproj" Id="5A43EF2F-4610-4A3B-6F29-38E35B557FC9">
  </Project>
</Solution>