<Solution Description="Visual Studio slnx file generated by Premake" Version="1.4">
  <Configurations>
    <BuildType Name="Debug" />
    <BuildType Name="Final" />
    <BuildType Name="Release" />
    <Platform Name="Win32" />
  </Configurations>
  <Folder Name="/Solution Items/">
    <File Path="../AGENTS.md" />
  </Folder>
  <Project Path="cres\CRes.vcxproj" Id="3237837c-1e6e-840d-c75a-6a10b370000f" />
  <Project Path="cshell\CShell.vcxproj" Id="205c41aa-0cfe-6b80-f5b8-7fd4e1f9f2d0" />
  <Project Path="sres\SRes.vcxproj" Id="42fd8b7c-2e34-8d0d-d720-7310c336090f" />
  <Project Path="sshell\Object.vcxproj" Id="dcca4fc7-c86c-7a9d-b127-8ef19d6801ee" />
</Solution>