<?xml version="1.0" encoding="utf-8"?>
<Project ToolsVersion="4.0" xmlns="http://schemas.microsoft.com/developer/msbuild/2003">
  <ItemGroup>
    <Filter Include="..">
      <UniqueIdentifier>{61705900-4DFC-870B-B6AA-880BA255880B}</UniqueIdentifier>
    </Filter>
    <Filter Include="..\..">
      <UniqueIdentifier>{CC6E590B-3883-81BC-0105-251C6DD87DED}</UniqueIdentifier>
    </Filter>
    <Filter Include="..\..\..">
      <UniqueIdentifier>{57597B35-4326-D640-6C3F-C4E8586B0BCF}</UniqueIdentifier>
    </Filter>
    <Filter Include="..\..\..\..">
      <UniqueIdentifier>{023C99B8-6EF1-11AE-F7E5-0B85639A08B2}</UniqueIdentifier>
    </Filter>
    <Filter Include="..\..\..\..\Engine">
      <UniqueIdentifier>{4750C703-3334-8859-9C94-82AC889772DB}</UniqueIdentifier>
    </Filter>
    <Filter Include="..\..\..\..\Engine\sdk">
      <UniqueIdentifier>{18D80F3C-04D2-388E-ED3E-CF9ED9D79EFA}</UniqueIdentifier>
    </Filter>
    <Filter Include="..\..\..\..\Engine\sdk\inc">
      <UniqueIdentifier>{21B709F2-0DC7-B5C2-7680-1AE162AFA45B}</UniqueIdentifier>
    </Filter>
    <Filter Include="..\shared">
      <UniqueIdentifier>{8798108A-F302-C500-3C41-76A6A8EAA255}</UniqueIdentifier>
    </Filter>
    <Filter Include="..\shared\src">
      <UniqueIdentifier>{1E4243DA-8A02-BF10-533D-088EBFBC03ED}</UniqueIdentifier>
    </Filter>
    <Filter Include="src">
      <UniqueIdentifier>{2DAB880B-99B4-887C-2230-9F7C8E38947C}</UniqueIdentifier>
    </Filter>
  </ItemGroup>
  <ItemGroup>
    <ClInclude Include="..\shared\src\commandids.h">
      <Filter>..\shared\src</Filter>
    </ClInclude>
    <ClInclude Include="..\shared\src\msgids.h">
      <Filter>..\shared\src</Filter>
    </ClInclude>
    <ClInclude Include="src\BackgroundMgr.h">
      <Filter>src</Filter>
    </ClInclude>
    <ClInclude Include="src\GuiMgr.h">
      <Filter>src</Filter>
    </ClInclude>
    <ClInclude Include="src\ModelMgr.h">
      <Filter>src</Filter>
    </ClInclude>
    <ClInclude Include="src\camera.h">
      <Filter>src</Filter>
    </ClInclude>
    <ClInclude Include="src\clienthelper.h">
      <Filter>src</Filter>
    </ClInclude>
    <ClInclude Include="src\clientinterfaces.h">
      <Filter>src</Filter>
    </ClInclude>
    <ClInclude Include="src\gui.h">
      <Filter>src</Filter>
    </ClInclude>
    <ClInclude Include="src\ltclientshell.h">
      <Filter>src</Filter>
    </ClInclude>
    <ClInclude Include="src\playerclnt.h">
      <Filter>src</Filter>
    </ClInclude>
    <ClInclude Include="src\worldpropsclient.h">
      <Filter>src</Filter>
    </ClInclude>
  </ItemGroup>
  <ItemGroup>
    <ClCompile Include="..\..\..\..\Engine\sdk\inc\LTEulerAngles.cpp">
      <Filter>..\..\..\..\Engine\sdk\inc</Filter>
    </ClCompile>
    <ClCompile Include="..\..\..\..\Engine\sdk\inc\iltbaseclass.cpp">
      <Filter>..\..\..\..\Engine\sdk\inc</Filter>
    </ClCompile>
    <ClCompile Include="..\..\..\..\Engine\sdk\inc\ltmodule.cpp">
      <Filter>..\..\..\..\Engine\sdk\inc</Filter>
    </ClCompile>
    <ClCompile Include="src\BackgroundMgr.cpp">
      <Filter>src</Filter>
    </ClCompile>
    <ClCompile Include="src\GuiMgr.cpp">
      <Filter>src</Filter>
    </ClCompile>
    <ClCompile Include="src\ModelMgr.cpp">
      <Filter>src</Filter>
    </ClCompile>
    <ClCompile Include="src\camera.cpp">
      <Filter>src</Filter>
    </ClCompile>
    <ClCompile Include="src\clienthelper.cpp">
      <Filter>src</Filter>
    </ClCompile>
    <ClCompile Include="src\clientinterfaces.cpp">
      <Filter>src</Filter>
    </ClCompile>
    <ClCompile Include="src\gui.cpp">
      <Filter>src</Filter>
    </ClCompile>
    <ClCompile Include="src\ltclientshell.cpp">
      <Filter>src</Filter>
    </ClCompile>
    <ClCompile Include="src\playerclnt.cpp">
      <Filter>src</Filter>
    </ClCompile>
    <ClCompile Include="src\worldpropsclient.cpp">
      <Filter>src</Filter>
    </ClCompile>
  </ItemGroup>
</Project>