<Solution Description="Visual Studio slnx file generated by Premake" Version="1.4">
  <Configurations>
    <BuildType Name="Debug" />
    <BuildType Name="Final" />
    <BuildType Name="Release" />
    <Platform Name="Win32" />
  </Configurations>
  <Folder Name="/Core/">
    <Project Path="cres\CRes.vcxproj" Id="3237837C-1E6E-840D-C75A-6A10B370000F">
    </Project>
    <Project Path="cshell\CShell.vcxproj" Id="205C41AA-0CFE-6B80-F5B8-7FD4E1F9F2D0" DefaultStartup="true">
    </Project>
    <Project Path="sshell\Object.vcxproj" Id="DCCA4FC7-C86C-7A9D-B127-8EF19D6801EE">
    </Project>
    <Project Path="serverapp\ServerApp.vcxproj" Id="5D44814E-C9AE-35C5-12ED-E66A7E96131A">
    </Project>
    <Project Path="sres\SRes.vcxproj" Id="42FD8B7C-2E34-8D0D-D720-7310C336090F">
    </Project>
  </Folder>
  <Folder Name="/External Libs/">
    <Project Path="..\..\..\Libs\LIB-Lith\LIB-Lith.vcxproj" Id="DA12E82F-C6DF-423B-EFF8-30E3DB2478C9">
    </Project>
    <Project Path="..\..\..\Libs\LIB-STDLith\LIB-STDLith.vcxproj" Id="E58BA7F7-5141-20ED-DA35-1AC446EA16F1">
    </Project>
  </Folder>
</Solution>