<?xml version="1.0" encoding="utf-8"?>
<Project ToolsVersion="4.0" xmlns="http://schemas.microsoft.com/developer/msbuild/2003">
  <ItemGroup>
    <Filter Include="Source Files">
      <UniqueIdentifier>{060a5f38-a844-4bbd-bcfc-884367c65286}</UniqueIdentifier>
      <Extensions>cpp;c;cxx;rc;def;r;odl;idl;hpj;bat</Extensions>
    </Filter>
    <Filter Include="Header Files">
      <UniqueIdentifier>{f1b0455f-0086-4d57-8002-0856f1d4988c}</UniqueIdentifier>
      <Extensions>h;hpp;hxx;hm;inl</Extensions>
    </Filter>
    <Filter Include="Libs Debug">
      <UniqueIdentifier>{b36310b8-9234-4276-b31a-42a842cb405c}</UniqueIdentifier>
    </Filter>
    <Filter Include="Libs Final">
      <UniqueIdentifier>{904788df-1b5d-4e6e-ab90-cd1376484e90}</UniqueIdentifier>
    </Filter>
    <Filter Include="Libs Release">
      <UniqueIdentifier>{2c7fbefc-6c1f-4e93-bdc0-fbfdf6cb8ee9}</UniqueIdentifier>
    </Filter>
  </ItemGroup>
  <ItemGroup>
    <ClCompile Include="BaseFx.cpp">
      <Filter>Source Files</Filter>
    </ClCompile>
    <ClCompile Include="bouncychunkfx.cpp">
      <Filter>Source Files</Filter>
    </ClCompile>
    <ClCompile Include="camjitterfx.cpp">
      <Filter>Source Files</Filter>
    </ClCompile>
    <ClCompile Include="camwobblefx.cpp">
      <Filter>Source Files</Filter>
    </ClCompile>
    <ClCompile Include="clientfx.cpp">
      <Filter>Source Files</Filter>
    </ClCompile>
    <ClCompile Include="CreateFX.cpp">
      <Filter>Source Files</Filter>
    </ClCompile>
    <ClCompile Include="cycletimer.cpp">
      <Filter>Source Files</Filter>
    </ClCompile>
    <ClCompile Include="..\Shared\DebugNew.cpp">
      <Filter>Source Files</Filter>
    </ClCompile>
    <ClCompile Include="dynalightfx.cpp">
      <Filter>Source Files</Filter>
    </ClCompile>
    <ClCompile Include="fallingstufffx.cpp">
      <Filter>Source Files</Filter>
    </ClCompile>
    <ClCompile Include="FlareSpriteFX.cpp">
      <Filter>Source Files</Filter>
    </ClCompile>
    <ClCompile Include="lightningfx.cpp">
      <Filter>Source Files</Filter>
    </ClCompile>
    <ClCompile Include="LTBbouncychunkfx.cpp">
      <Filter>Source Files</Filter>
    </ClCompile>
    <ClCompile Include="ltbmodelfx.cpp">
      <Filter>Source Files</Filter>
    </ClCompile>
    <ClCompile Include="..\..\Engine\sdk\inc\ltmodule.cpp">
      <Filter>Source Files</Filter>
    </ClCompile>
    <ClCompile Include="..\..\Engine\sdk\inc\ltquatbase.cpp">
      <Filter>Source Files</Filter>
    </ClCompile>
    <ClCompile Include="nullfx.cpp">
      <Filter>Source Files</Filter>
    </ClCompile>
    <ClCompile Include="ParticleSystemFX.cpp">
      <Filter>Source Files</Filter>
    </ClCompile>
    <ClCompile Include="playrandomsoundfx.cpp">
      <Filter>Source Files</Filter>
    </ClCompile>
    <ClCompile Include="playsoundfx.cpp">
      <Filter>Source Files</Filter>
    </ClCompile>
    <ClCompile Include="polyfanfx.cpp">
      <Filter>Source Files</Filter>
    </ClCompile>
    <ClCompile Include="polytubefx.cpp">
      <Filter>Source Files</Filter>
    </ClCompile>
    <ClCompile Include="spritefx.cpp">
      <Filter>Source Files</Filter>
    </ClCompile>
    <ClCompile Include="spritesystemfx.cpp">
      <Filter>Source Files</Filter>
    </ClCompile>
    <ClCompile Include="stdafx.cpp">
      <Filter>Source Files</Filter>
    </ClCompile>
  </ItemGroup>
  <ItemGroup>
    <ClInclude Include="..\Shared\BankedList.h">
      <Filter>Header Files</Filter>
    </ClInclude>
    <ClInclude Include="..\Shared\BankedList_impl.h">
      <Filter>Header Files</Filter>
    </ClInclude>
    <ClInclude Include="..\Shared\BaseFx.h">
      <Filter>Header Files</Filter>
    </ClInclude>
    <ClInclude Include="bouncychunkfx.h">
      <Filter>Header Files</Filter>
    </ClInclude>
    <ClInclude Include="camjitterfx.h">
      <Filter>Header Files</Filter>
    </ClInclude>
    <ClInclude Include="camwobblefx.h">
      <Filter>Header Files</Filter>
    </ClInclude>
    <ClInclude Include="clientfx.h">
      <Filter>Header Files</Filter>
    </ClInclude>
    <ClInclude Include="CreateFX.h">
      <Filter>Header Files</Filter>
    </ClInclude>
    <ClInclude Include="cycletimer.h">
      <Filter>Header Files</Filter>
    </ClInclude>
    <ClInclude Include="..\Shared\DebugNew.h">
      <Filter>Header Files</Filter>
    </ClInclude>
    <ClInclude Include="..\Shared\DebugNew_impl.h">
      <Filter>Header Files</Filter>
    </ClInclude>
    <ClInclude Include="dynalightfx.h">
      <Filter>Header Files</Filter>
    </ClInclude>
    <ClInclude Include="fallingstufffx.h">
      <Filter>Header Files</Filter>
    </ClInclude>
    <ClInclude Include="FlareSpriteFX.h">
      <Filter>Header Files</Filter>
    </ClInclude>
    <ClInclude Include="lightningfx.h">
      <Filter>Header Files</Filter>
    </ClInclude>
    <ClInclude Include="LTBbouncychunkfx.h">
      <Filter>Header Files</Filter>
    </ClInclude>
    <ClInclude Include="ltbmodelfx.h">
      <Filter>Header Files</Filter>
    </ClInclude>
    <ClInclude Include="memarray.h">
      <Filter>Header Files</Filter>
    </ClInclude>
    <ClInclude Include="nullfx.h">
      <Filter>Header Files</Filter>
    </ClInclude>
    <ClInclude Include="ParticleSystemFX.h">
      <Filter>Header Files</Filter>
    </ClInclude>
    <ClInclude Include="playrandomsoundfx.h">
      <Filter>Header Files</Filter>
    </ClInclude>
    <ClInclude Include="playsoundfx.h">
      <Filter>Header Files</Filter>
    </ClInclude>
    <ClInclude Include="polyfanfx.h">
      <Filter>Header Files</Filter>
    </ClInclude>
    <ClInclude Include="polytubefx.h">
      <Filter>Header Files</Filter>
    </ClInclude>
    <ClInclude Include="resource.h">
      <Filter>Header Files</Filter>
    </ClInclude>
    <ClInclude Include="spritefx.h">
      <Filter>Header Files</Filter>
    </ClInclude>
    <ClInclude Include="spritesystemfx.h">
      <Filter>Header Files</Filter>
    </ClInclude>
    <ClInclude Include="stdafx.h">
      <Filter>Header Files</Filter>
    </ClInclude>
    <ClInclude Include="swaplist.h">
      <Filter>Header Files</Filter>
    </ClInclude>
  </ItemGroup>
  <ItemGroup>
    <CustomBuildStep Include="..\..\Libs\built\Debug\ButeMgr\ButeMgr.lib">
      <Filter>Libs Debug</Filter>
    </CustomBuildStep>
    <CustomBuildStep Include="..\..\Libs\built\Debug\CryptMgr\cryptmgr.lib">
      <Filter>Libs Debug</Filter>
    </CustomBuildStep>
    <CustomBuildStep Include="..\..\Libs\built\Debug\Lib_Lith\Lib_Lith.lib">
      <Filter>Libs Debug</Filter>
    </CustomBuildStep>
    <CustomBuildStep Include="..\..\Libs\built\Debug\Lib_StdLith\Lib_StdLith.lib">
      <Filter>Libs Debug</Filter>
    </CustomBuildStep>
    <CustomBuildStep Include="..\..\Engine\built\Debug\libs\Lib_ltmem\ltmem.lib">
      <Filter>Libs Debug</Filter>
    </CustomBuildStep>
    <CustomBuildStep Include="..\..\Libs\built\Debug\MFCStub\MFCStub.lib">
      <Filter>Libs Debug</Filter>
    </CustomBuildStep>
    <CustomBuildStep Include="..\..\Libs\built\Final\ButeMgr\ButeMgr.lib">
      <Filter>Libs Final</Filter>
    </CustomBuildStep>
    <CustomBuildStep Include="..\..\Libs\built\Final\CryptMgr\cryptmgr.lib">
      <Filter>Libs Final</Filter>
    </CustomBuildStep>
    <CustomBuildStep Include="..\..\Libs\built\Final\Lib_Lith\Lib_Lith.lib">
      <Filter>Libs Final</Filter>
    </CustomBuildStep>
    <CustomBuildStep Include="..\..\Libs\built\Final\Lib_StdLith\Lib_StdLith.lib">
      <Filter>Libs Final</Filter>
    </CustomBuildStep>
    <CustomBuildStep Include="..\..\Engine\built\Final\libs\Lib_ltmem\ltmem.lib">
      <Filter>Libs Final</Filter>
    </CustomBuildStep>
    <CustomBuildStep Include="..\..\Libs\built\Final\MFCStub\MFCStub.lib">
      <Filter>Libs Final</Filter>
    </CustomBuildStep>
    <CustomBuildStep Include="..\..\Libs\built\Release\ButeMgr\ButeMgr.lib">
      <Filter>Libs Release</Filter>
    </CustomBuildStep>
    <CustomBuildStep Include="..\..\Libs\built\Release\CryptMgr\cryptmgr.lib">
      <Filter>Libs Release</Filter>
    </CustomBuildStep>
    <CustomBuildStep Include="..\..\Libs\built\Release\Lib_Lith\Lib_Lith.lib">
      <Filter>Libs Release</Filter>
    </CustomBuildStep>
    <CustomBuildStep Include="..\..\Libs\built\Release\Lib_StdLith\Lib_StdLith.lib">
      <Filter>Libs Release</Filter>
    </CustomBuildStep>
    <CustomBuildStep Include="..\..\Engine\built\Release\libs\Lib_ltmem\ltmem.lib">
      <Filter>Libs Release</Filter>
    </CustomBuildStep>
    <CustomBuildStep Include="..\..\Libs\built\Release\MFCStub\MFCStub.lib">
      <Filter>Libs Release</Filter>
    </CustomBuildStep>
  </ItemGroup>
</Project>