<Solution Description="Visual Studio slnx file generated by Premake" Version="1.4">
  <Configurations>
    <BuildType Name="Debug" />
    <BuildType Name="Final" />
    <BuildType Name="Release" />
    <Platform Name="Win32" />
  </Configurations>
  <Folder Name="/Core/">
    <Project Path="cres\CRes.vcxproj" Id="3237837C-1E6E-840D-C75A-6A10B370000F">
    </Project>
    <Project Path="cshell\CShell.vcxproj" Id="205C41AA-0CFE-6B80-F5B8-7FD4E1F9F2D0" DefaultStartup="true">
    </Project>
    <Project Path="sshell\Object.vcxproj" Id="DCCA4FC7-C86C-7A9D-B127-8EF19D6801EE">
    </Project>
    <Project Path="sres\SRes.vcxproj" Id="42FD8B7C-2E34-8D0D-D720-7310C336090F">
    </Project>
  </Folder>
  <Folder Name="/External Libs/">
    <Project Path="..\..\..\Libs\LIB-StackTracer\LIB-StackTracer.vcxproj" Id="A0453594-0CD1-A258-15E2-254D81ECFE58">
    </Project>
  </Folder>
</Solution>